
Microsoft Visual Studio Solution File, Format Version 12.00
# Visual Studio 2013
VisualStudioVersion = 12.0.21005.1
MinimumVisualStudioVersion = 10.0.40219.1
Project("{FAE04EC0-301F-11D3-BF4B-00C04F79EFBC}") = "xhestore.FrameWork", "xhestore.FrameWork\xhestore.FrameWork.csproj", "{094E904D-FF5E-41CD-962B-8A6C22D4A7E2}"
EndProject
Project("{FAE04EC0-301F-11D3-BF4B-00C04F79EFBC}") = "xhestore.Dao", "xhestore.Dao\xhestore.Dao.csproj", "{826A119A-D2E2-4187-922C-FB052FE06042}"
	ProjectSection(ProjectDependencies) = postProject
		{9973E487-E4EF-4CB2-84B4-BC604E31F76F} = {9973E487-E4EF-4CB2-84B4-BC604E31F76F}
	EndProjectSection
EndProject
Project("{FAE04EC0-301F-11D3-BF4B-00C04F79EFBC}") = "xhestore.Models", "xhestore.Models\xhestore.Models.csproj", "{9973E487-E4EF-4CB2-84B4-BC604E31F76F}"
EndProject
Global
	GlobalSection(SolutionConfigurationPlatforms) = preSolution
		Debug|Any CPU = Debug|Any CPU
		Release|Any CPU = Release|Any CPU
	EndGlobalSection
	GlobalSection(ProjectConfigurationPlatforms) = postSolution
		{094E904D-FF5E-41CD-962B-8A6C22D4A7E2}.Debug|Any CPU.ActiveCfg = Debug|Any CPU
		{094E904D-FF5E-41CD-962B-8A6C22D4A7E2}.Debug|Any CPU.Build.0 = Debug|Any CPU
		{094E904D-FF5E-41CD-962B-8A6C22D4A7E2}.Release|Any CPU.ActiveCfg = Release|Any CPU
		{094E904D-FF5E-41CD-962B-8A6C22D4A7E2}.Release|Any CPU.Build.0 = Release|Any CPU
		{826A119A-D2E2-4187-922C-FB052FE06042}.Debug|Any CPU.ActiveCfg = Debug|Any CPU
		{826A119A-D2E2-4187-922C-FB052FE06042}.Debug|Any CPU.Build.0 = Debug|Any CPU
		{826A119A-D2E2-4187-922C-FB052FE06042}.Release|Any CPU.ActiveCfg = Release|Any CPU
		{826A119A-D2E2-4187-922C-FB052FE06042}.Release|Any CPU.Build.0 = Release|Any CPU
		{9973E487-E4EF-4CB2-84B4-BC604E31F76F}.Debug|Any CPU.ActiveCfg = Debug|Any CPU
		{9973E487-E4EF-4CB2-84B4-BC604E31F76F}.Debug|Any CPU.Build.0 = Debug|Any CPU
		{9973E487-E4EF-4CB2-84B4-BC604E31F76F}.Release|Any CPU.ActiveCfg = Release|Any CPU
		{9973E487-E4EF-4CB2-84B4-BC604E31F76F}.Release|Any CPU.Build.0 = Release|Any CPU
	EndGlobalSection
	GlobalSection(SolutionProperties) = preSolution
		HideSolutionNode = FALSE
	EndGlobalSection
EndGlobal
